{
  "requires": true,
  "lockfileVersion": 1,
  "dependencies": {
    "react-card-flip": {
      "version": "1.1.0",
      "resolved": "https://registry.npmjs.org/react-card-flip/-/react-card-flip-1.1.0.tgz",
      "integrity": "sha512-rrZ18lZb6Fsangia+mTgBfYB588oGfUN55MyOmoaG0YN8gaFk4aX4vJp4clxByw1WUJR9hYtV53LvLtPO8YsHw=="
    },
    "react-icons": {
      "version": "4.2.0",
      "resolved": "https://registry.npmjs.org/react-icons/-/react-icons-4.2.0.tgz",
      "integrity": "sha512-rmzEDFt+AVXRzD7zDE21gcxyBizD/3NqjbX6cmViAgdqfJ2UiLer8927/QhhrXQV7dEj/1EGuOTPp7JnLYVJKQ=="
    }
  }
}
